
Microsoft Visual Studio Solution File, Format Version 12.00
# Visual Studio Version 16
VisualStudioVersion = 16.0.32413.511
MinimumVisualStudioVersion = 10.0.40219.1
Project("{FAE04EC0-301F-11D3-BF4B-00C04F79EFBC}") = "ChangeSeats", "ChangeSeats\ChangeSeats.csproj", "{4BA221CA-0080-4739-AC1C-3ED09D2B6EFC}"
EndProject
Global
	GlobalSection(SolutionConfigurationPlatforms) = preSolution
		Debug|Any CPU = Debug|Any CPU
		Release|Any CPU = Release|Any CPU
	EndGlobalSection
	GlobalSection(ProjectConfigurationPlatforms) = postSolution
		{4BA221CA-0080-4739-AC1C-3ED09D2B6EFC}.Debug|Any CPU.ActiveCfg = Debug|Any CPU
		{4BA221CA-0080-4739-AC1C-3ED09D2B6EFC}.Debug|Any CPU.Build.0 = Debug|Any CPU
		{4BA221CA-0080-4739-AC1C-3ED09D2B6EFC}.Release|Any CPU.ActiveCfg = Release|Any CPU
		{4BA221CA-0080-4739-AC1C-3ED09D2B6EFC}.Release|Any CPU.Build.0 = Release|Any CPU
	EndGlobalSection
	GlobalSection(SolutionProperties) = preSolution
		HideSolutionNode = FALSE
	EndGlobalSection
	GlobalSection(ExtensibilityGlobals) = postSolution
		SolutionGuid = {51026C08-874F-4629-87CA-654174CAD527}
	EndGlobalSection
EndGlobal
